
Microsoft Visual Studio Solution File, Format Version 12.00
# Visual Studio 15
VisualStudioVersion = 15.0.26124.0
MinimumVisualStudioVersion = 15.0.26124.0
Project("{2150E333-8FDC-42A3-9474-1A3956D46DE8}") = "Test", "Test", "{C3976988-FAA7-42B0-B921-5833FB16A337}"
EndProject
Project("{FAE04EC0-301F-11D3-BF4B-00C04F79EFBC}") = "MonadTest", "Test\MonadTest\MonadTest.csproj", "{D2217F54-6B71-4651-B838-2305AB7288BB}"
EndProject
Project("{FAE04EC0-301F-11D3-BF4B-00C04F79EFBC}") = "Monad", "Monad\Monad.csproj", "{E85EB5AA-3943-4001-BD16-B1433080B591}"
EndProject
Global
	GlobalSection(SolutionConfigurationPlatforms) = preSolution
		Debug|Any CPU = Debug|Any CPU
		Debug|x64 = Debug|x64
		Debug|x86 = Debug|x86
		Release|Any CPU = Release|Any CPU
		Release|x64 = Release|x64
		Release|x86 = Release|x86
	EndGlobalSection
	GlobalSection(SolutionProperties) = preSolution
		HideSolutionNode = FALSE
	EndGlobalSection
	GlobalSection(ProjectConfigurationPlatforms) = postSolution
		{D2217F54-6B71-4651-B838-2305AB7288BB}.Debug|Any CPU.ActiveCfg = Debug|Any CPU
		{D2217F54-6B71-4651-B838-2305AB7288BB}.Debug|Any CPU.Build.0 = Debug|Any CPU
		{D2217F54-6B71-4651-B838-2305AB7288BB}.Debug|x64.ActiveCfg = Debug|Any CPU
		{D2217F54-6B71-4651-B838-2305AB7288BB}.Debug|x64.Build.0 = Debug|Any CPU
		{D2217F54-6B71-4651-B838-2305AB7288BB}.Debug|x86.ActiveCfg = Debug|Any CPU
		{D2217F54-6B71-4651-B838-2305AB7288BB}.Debug|x86.Build.0 = Debug|Any CPU
		{D2217F54-6B71-4651-B838-2305AB7288BB}.Release|Any CPU.ActiveCfg = Release|Any CPU
		{D2217F54-6B71-4651-B838-2305AB7288BB}.Release|Any CPU.Build.0 = Release|Any CPU
		{D2217F54-6B71-4651-B838-2305AB7288BB}.Release|x64.ActiveCfg = Release|Any CPU
		{D2217F54-6B71-4651-B838-2305AB7288BB}.Release|x64.Build.0 = Release|Any CPU
		{D2217F54-6B71-4651-B838-2305AB7288BB}.Release|x86.ActiveCfg = Release|Any CPU
		{D2217F54-6B71-4651-B838-2305AB7288BB}.Release|x86.Build.0 = Release|Any CPU
		{E85EB5AA-3943-4001-BD16-B1433080B591}.Debug|Any CPU.ActiveCfg = Debug|Any CPU
		{E85EB5AA-3943-4001-BD16-B1433080B591}.Debug|Any CPU.Build.0 = Debug|Any CPU
		{E85EB5AA-3943-4001-BD16-B1433080B591}.Debug|x64.ActiveCfg = Debug|Any CPU
		{E85EB5AA-3943-4001-BD16-B1433080B591}.Debug|x64.Build.0 = Debug|Any CPU
		{E85EB5AA-3943-4001-BD16-B1433080B591}.Debug|x86.ActiveCfg = Debug|Any CPU
		{E85EB5AA-3943-4001-BD16-B1433080B591}.Debug|x86.Build.0 = Debug|Any CPU
		{E85EB5AA-3943-4001-BD16-B1433080B591}.Release|Any CPU.ActiveCfg = Release|Any CPU
		{E85EB5AA-3943-4001-BD16-B1433080B591}.Release|Any CPU.Build.0 = Release|Any CPU
		{E85EB5AA-3943-4001-BD16-B1433080B591}.Release|x64.ActiveCfg = Release|Any CPU
		{E85EB5AA-3943-4001-BD16-B1433080B591}.Release|x64.Build.0 = Release|Any CPU
		{E85EB5AA-3943-4001-BD16-B1433080B591}.Release|x86.ActiveCfg = Release|Any CPU
		{E85EB5AA-3943-4001-BD16-B1433080B591}.Release|x86.Build.0 = Release|Any CPU
	EndGlobalSection
	GlobalSection(NestedProjects) = preSolution
		{D2217F54-6B71-4651-B838-2305AB7288BB} = {C3976988-FAA7-42B0-B921-5833FB16A337}
	EndGlobalSection
EndGlobal
